
Microsoft Visual Studio Solution File, Format Version 12.00
# Visual Studio Version 17

VisualStudioVersion = 17.0.31521.260
MinimumVisualStudioVersion = 10.0.40219.1
Project("{FAE04EC0-301F-11D3-BF4B-00C04F79EFBC}") = "DiscordBot", "DiscordBot\DiscordBot.csproj", "{EEA3EFFE-4D8A-4EC3-9601-A2B268291F2A}"
EndProject
Global
	GlobalSection(SolutionConfigurationPlatforms) = preSolution
		Debug|Any CPU = Debug|Any CPU
		Release|Any CPU = Release|Any CPU
	EndGlobalSection
	GlobalSection(ProjectConfigurationPlatforms) = postSolution
		{EEA3EFFE-4D8A-4EC3-9601-A2B268291F2A}.Debug|Any CPU.ActiveCfg = Debug|Any CPU
		{EEA3EFFE-4D8A-4EC3-9601-A2B268291F2A}.Debug|Any CPU.Build.0 = Debug|Any CPU
		{EEA3EFFE-4D8A-4EC3-9601-A2B268291F2A}.Release|Any CPU.ActiveCfg = Release|Any CPU
		{EEA3EFFE-4D8A-4EC3-9601-A2B268291F2A}.Release|Any CPU.Build.0 = Release|Any CPU
	EndGlobalSection
	GlobalSection(SolutionProperties) = preSolution
		HideSolutionNode = FALSE
	EndGlobalSection
	GlobalSection(ExtensibilityGlobals) = postSolution
		SolutionGuid = {5592F6C0-6EE7-4CE3-8752-EA24722BE03C}
	EndGlobalSection
EndGlobal
